
Microsoft Visual Studio Solution File, Format Version 12.00
# Visual Studio 15
VisualStudioVersion = 15.0.28307.1062
MinimumVisualStudioVersion = 10.0.40219.1
Project("{8BC9CEB8-8B4A-11D0-8D11-00A0C91BC942}") = "Ex4_3", "Ex4_3\Ex4_3.vcxproj", "{6F9BFC87-7A76-4D36-B82A-9F2852B034F1}"
EndProject
Global
	GlobalSection(SolutionConfigurationPlatforms) = preSolution
		Debug|x64 = Debug|x64
		Debug|x86 = Debug|x86
		Release|x64 = Release|x64
		Release|x86 = Release|x86
	EndGlobalSection
	GlobalSection(ProjectConfigurationPlatforms) = postSolution
		{6F9BFC87-7A76-4D36-B82A-9F2852B034F1}.Debug|x64.ActiveCfg = Debug|x64
		{6F9BFC87-7A76-4D36-B82A-9F2852B034F1}.Debug|x64.Build.0 = Debug|x64
		{6F9BFC87-7A76-4D36-B82A-9F2852B034F1}.Debug|x86.ActiveCfg = Debug|Win32
		{6F9BFC87-7A76-4D36-B82A-9F2852B034F1}.Debug|x86.Build.0 = Debug|Win32
		{6F9BFC87-7A76-4D36-B82A-9F2852B034F1}.Release|x64.ActiveCfg = Release|x64
		{6F9BFC87-7A76-4D36-B82A-9F2852B034F1}.Release|x64.Build.0 = Release|x64
		{6F9BFC87-7A76-4D36-B82A-9F2852B034F1}.Release|x86.ActiveCfg = Release|Win32
		{6F9BFC87-7A76-4D36-B82A-9F2852B034F1}.Release|x86.Build.0 = Release|Win32
	EndGlobalSection
	GlobalSection(SolutionProperties) = preSolution
		HideSolutionNode = FALSE
	EndGlobalSection
	GlobalSection(ExtensibilityGlobals) = postSolution
		SolutionGuid = {3420B132-7286-46B8-9CE2-2C1319B2F6C1}
	EndGlobalSection
EndGlobal
