
Microsoft Visual Studio Solution File, Format Version 12.00
# Visual Studio 15
VisualStudioVersion = 15.0.28307.1062
MinimumVisualStudioVersion = 10.0.40219.1
Project("{8BC9CEB8-8B4A-11D0-8D11-00A0C91BC942}") = "Ex3_6", "Ex3_6\Ex3_6.vcxproj", "{74261916-863C-4C83-BC3B-669B3675D58E}"
EndProject
Global
	GlobalSection(SolutionConfigurationPlatforms) = preSolution
		Debug|x64 = Debug|x64
		Debug|x86 = Debug|x86
		Release|x64 = Release|x64
		Release|x86 = Release|x86
	EndGlobalSection
	GlobalSection(ProjectConfigurationPlatforms) = postSolution
		{74261916-863C-4C83-BC3B-669B3675D58E}.Debug|x64.ActiveCfg = Debug|x64
		{74261916-863C-4C83-BC3B-669B3675D58E}.Debug|x64.Build.0 = Debug|x64
		{74261916-863C-4C83-BC3B-669B3675D58E}.Debug|x86.ActiveCfg = Debug|Win32
		{74261916-863C-4C83-BC3B-669B3675D58E}.Debug|x86.Build.0 = Debug|Win32
		{74261916-863C-4C83-BC3B-669B3675D58E}.Release|x64.ActiveCfg = Release|x64
		{74261916-863C-4C83-BC3B-669B3675D58E}.Release|x64.Build.0 = Release|x64
		{74261916-863C-4C83-BC3B-669B3675D58E}.Release|x86.ActiveCfg = Release|Win32
		{74261916-863C-4C83-BC3B-669B3675D58E}.Release|x86.Build.0 = Release|Win32
	EndGlobalSection
	GlobalSection(SolutionProperties) = preSolution
		HideSolutionNode = FALSE
	EndGlobalSection
	GlobalSection(ExtensibilityGlobals) = postSolution
		SolutionGuid = {2BAE6891-0E99-411B-AAFC-5C6EF54E2FF5}
	EndGlobalSection
EndGlobal
