
Microsoft Visual Studio Solution File, Format Version 12.00
# Visual Studio 15
VisualStudioVersion = 15.0.28307.1062
MinimumVisualStudioVersion = 10.0.40219.1
Project("{8BC9CEB8-8B4A-11D0-8D11-00A0C91BC942}") = "Ex8_5", "Ex8_5\Ex8_5.vcxproj", "{72AAAD12-2734-4E92-AD9D-293458900468}"
EndProject
Global
	GlobalSection(SolutionConfigurationPlatforms) = preSolution
		Debug|x64 = Debug|x64
		Debug|x86 = Debug|x86
		Release|x64 = Release|x64
		Release|x86 = Release|x86
	EndGlobalSection
	GlobalSection(ProjectConfigurationPlatforms) = postSolution
		{72AAAD12-2734-4E92-AD9D-293458900468}.Debug|x64.ActiveCfg = Debug|x64
		{72AAAD12-2734-4E92-AD9D-293458900468}.Debug|x64.Build.0 = Debug|x64
		{72AAAD12-2734-4E92-AD9D-293458900468}.Debug|x86.ActiveCfg = Debug|Win32
		{72AAAD12-2734-4E92-AD9D-293458900468}.Debug|x86.Build.0 = Debug|Win32
		{72AAAD12-2734-4E92-AD9D-293458900468}.Release|x64.ActiveCfg = Release|x64
		{72AAAD12-2734-4E92-AD9D-293458900468}.Release|x64.Build.0 = Release|x64
		{72AAAD12-2734-4E92-AD9D-293458900468}.Release|x86.ActiveCfg = Release|Win32
		{72AAAD12-2734-4E92-AD9D-293458900468}.Release|x86.Build.0 = Release|Win32
	EndGlobalSection
	GlobalSection(SolutionProperties) = preSolution
		HideSolutionNode = FALSE
	EndGlobalSection
	GlobalSection(ExtensibilityGlobals) = postSolution
		SolutionGuid = {217D67CF-9141-45C9-B04B-70566A33C28B}
	EndGlobalSection
EndGlobal
