
Microsoft Visual Studio Solution File, Format Version 12.00
# Visual Studio 15
VisualStudioVersion = 15.0.28307.1062
MinimumVisualStudioVersion = 10.0.40219.1
Project("{8BC9CEB8-8B4A-11D0-8D11-00A0C91BC942}") = "Ex4_6", "Ex4_6\Ex4_6.vcxproj", "{9DC4D3D3-7CC9-4AEA-94BF-FDA9A92EDD3A}"
EndProject
Global
	GlobalSection(SolutionConfigurationPlatforms) = preSolution
		Debug|x64 = Debug|x64
		Debug|x86 = Debug|x86
		Release|x64 = Release|x64
		Release|x86 = Release|x86
	EndGlobalSection
	GlobalSection(ProjectConfigurationPlatforms) = postSolution
		{9DC4D3D3-7CC9-4AEA-94BF-FDA9A92EDD3A}.Debug|x64.ActiveCfg = Debug|x64
		{9DC4D3D3-7CC9-4AEA-94BF-FDA9A92EDD3A}.Debug|x64.Build.0 = Debug|x64
		{9DC4D3D3-7CC9-4AEA-94BF-FDA9A92EDD3A}.Debug|x86.ActiveCfg = Debug|Win32
		{9DC4D3D3-7CC9-4AEA-94BF-FDA9A92EDD3A}.Debug|x86.Build.0 = Debug|Win32
		{9DC4D3D3-7CC9-4AEA-94BF-FDA9A92EDD3A}.Release|x64.ActiveCfg = Release|x64
		{9DC4D3D3-7CC9-4AEA-94BF-FDA9A92EDD3A}.Release|x64.Build.0 = Release|x64
		{9DC4D3D3-7CC9-4AEA-94BF-FDA9A92EDD3A}.Release|x86.ActiveCfg = Release|Win32
		{9DC4D3D3-7CC9-4AEA-94BF-FDA9A92EDD3A}.Release|x86.Build.0 = Release|Win32
	EndGlobalSection
	GlobalSection(SolutionProperties) = preSolution
		HideSolutionNode = FALSE
	EndGlobalSection
	GlobalSection(ExtensibilityGlobals) = postSolution
		SolutionGuid = {755A4DDD-7410-4940-9381-BE35E816EA13}
	EndGlobalSection
EndGlobal
